
Microsoft Visual Studio Solution File, Format Version 12.00
# Visual Studio Version 17
VisualStudioVersion = 17.4.33122.133
MinimumVisualStudioVersion = 10.0.40219.1
Project("{FAE04EC0-301F-11D3-BF4B-00C04F79EFBC}") = "ex_0", "ex_0\ex_0.csproj", "{15FF0D31-3739-482E-8EF4-5C3746754EBA}"
EndProject
Global
	GlobalSection(SolutionConfigurationPlatforms) = preSolution
		Debug|Any CPU = Debug|Any CPU
		Release|Any CPU = Release|Any CPU
	EndGlobalSection
	GlobalSection(ProjectConfigurationPlatforms) = postSolution
		{15FF0D31-3739-482E-8EF4-5C3746754EBA}.Debug|Any CPU.ActiveCfg = Debug|Any CPU
		{15FF0D31-3739-482E-8EF4-5C3746754EBA}.Debug|Any CPU.Build.0 = Debug|Any CPU
		{15FF0D31-3739-482E-8EF4-5C3746754EBA}.Release|Any CPU.ActiveCfg = Release|Any CPU
		{15FF0D31-3739-482E-8EF4-5C3746754EBA}.Release|Any CPU.Build.0 = Release|Any CPU
	EndGlobalSection
	GlobalSection(SolutionProperties) = preSolution
		HideSolutionNode = FALSE
	EndGlobalSection
	GlobalSection(ExtensibilityGlobals) = postSolution
		SolutionGuid = {01B14DF0-04D4-47EA-8C2F-05D821F2AF28}
	EndGlobalSection
EndGlobal
